{
  "name": "tedious-newrelic",
  "version": "0.2.0",
  "lockfileVersion": 1,
  "requires": true,
  "dependencies": {
    "@newrelic/koa": {
      "version": "1.0.8",
      "resolved": "https://artifacts.ua-ecm.com:443/artifactory/api/npm/ua-npm-master/@newrelic/koa/-/koa-1.0.8.tgz",
      "integrity": "sha1-Wb9U6GzvcAQn4y29x8kxohMUasE=",
      "dev": true,
      "requires": {
        "methods": "^1.1.2"
      }
    },
    "@newrelic/native-metrics": {
      "version": "3.1.2",
      "resolved": "https://artifacts.ua-ecm.com:443/artifactory/api/npm/ua-npm-master/@newrelic/native-metrics/-/native-metrics-3.1.2.tgz",
      "integrity": "sha1-7/hY8XivW5+Mu2dutUnYu8Dvemo=",
      "dev": true,
      "optional": true,
      "requires": {
        "nan": "^2.10.0",
        "semver": "^5.5.1"
      }
    },
    "@newrelic/superagent": {
      "version": "1.0.3",
      "resolved": "https://artifacts.ua-ecm.com:443/artifactory/api/npm/ua-npm-master/@newrelic/superagent/-/superagent-1.0.3.tgz",
      "integrity": "sha1-jG6oT4tGMnXFjnQCBL8pOcLipkk=",
      "dev": true,
      "requires": {
        "methods": "^1.1.2"
      }
    },
    "@tyriar/fibonacci-heap": {
      "version": "2.0.9",
      "resolved": "https://artifacts.ua-ecm.com:443/artifactory/api/npm/ua-npm-master/@tyriar/fibonacci-heap/-/fibonacci-heap-2.0.9.tgz",
      "integrity": "sha1-3z3L2xuRghaGAfYxg2YVfuFmZuk=",
      "dev": true
    },
    "agent-base": {
      "version": "4.2.1",
      "resolved": "https://artifacts.ua-ecm.com:443/artifactory/api/npm/ua-npm-master/agent-base/-/agent-base-4.2.1.tgz",
      "integrity": "sha1-2J5ZmfeXh1Z0wH2H8mD8Qeg+jKk=",
      "dev": true,
      "requires": {
        "es6-promisify": "^5.0.0"
      }
    },
    "async": {
      "version": "2.6.2",
      "resolved": "https://artifacts.ua-ecm.com:443/artifactory/api/npm/ua-npm-master/async/-/async-2.6.2.tgz",
      "integrity": "sha1-GDMOp+bjE4h/XS8qkEusb+TdU4E=",
      "dev": true,
      "requires": {
        "lodash": "^4.17.11"
      }
    },
    "babel-runtime": {
      "version": "6.26.0",
      "resolved": "https://artifacts.ua-ecm.com:443/artifactory/api/npm/ua-npm-master/babel-runtime/-/babel-runtime-6.26.0.tgz",
      "integrity": "sha1-llxwWGaOgrVde/4E/yM3vItWR/4=",
      "dev": true,
      "requires": {
        "core-js": "^2.4.0",
        "regenerator-runtime": "^0.11.0"
      }
    },
    "big-number": {
      "version": "0.3.1",
      "resolved": "https://artifacts.ua-ecm.com:443/artifactory/api/npm/ua-npm-master/big-number/-/big-number-0.3.1.tgz",
      "integrity": "sha1-rHMCDApZu3nrF8LOLbd/d9l04BM=",
      "dev": true
    },
    "bl": {
      "version": "1.2.2",
      "resolved": "https://artifacts.ua-ecm.com:443/artifactory/api/npm/ua-npm-master/bl/-/bl-1.2.2.tgz",
      "integrity": "sha1-oWCRFxcQPAdBDO9j71Gzl8Alr5w=",
      "dev": true,
      "requires": {
        "readable-stream": "^2.3.5",
        "safe-buffer": "^5.1.1"
      }
    },
    "buffer-from": {
      "version": "1.1.1",
      "resolved": "https://artifacts.ua-ecm.com:443/artifactory/api/npm/ua-npm-master/buffer-from/-/buffer-from-1.1.1.tgz",
      "integrity": "sha1-MnE7wCj3XAL9txDXx7zsHyxgcO8=",
      "dev": true
    },
    "concat-stream": {
      "version": "1.6.2",
      "resolved": "https://artifacts.ua-ecm.com:443/artifactory/api/npm/ua-npm-master/concat-stream/-/concat-stream-1.6.2.tgz",
      "integrity": "sha1-kEvfGUzTEi/Gdcd/xKw9T/D9GjQ=",
      "dev": true,
      "requires": {
        "buffer-from": "^1.0.0",
        "inherits": "^2.0.3",
        "readable-stream": "^2.2.2",
        "typedarray": "^0.0.6"
      }
    },
    "core-js": {
      "version": "2.6.5",
      "resolved": "https://artifacts.ua-ecm.com:443/artifactory/api/npm/ua-npm-master/core-js/-/core-js-2.6.5.tgz",
      "integrity": "sha1-RLyNJJ5/sv9dAOA0Gn/7lPv2eJU=",
      "dev": true
    },
    "core-util-is": {
      "version": "1.0.2",
      "resolved": "https://artifacts.ua-ecm.com:443/artifactory/api/npm/ua-npm-master/core-util-is/-/core-util-is-1.0.2.tgz",
      "integrity": "sha1-tf1UIgqivFq1eqtxQMlAdUUDwac=",
      "dev": true
    },
    "debug": {
      "version": "3.2.6",
      "resolved": "https://artifacts.ua-ecm.com:443/artifactory/api/npm/ua-npm-master/debug/-/debug-3.2.6.tgz",
      "integrity": "sha1-6D0X3hbYp++3cX7b5fsQE17uYps=",
      "dev": true,
      "requires": {
        "ms": "^2.1.1"
      }
    },
    "depd": {
      "version": "1.1.2",
      "resolved": "https://artifacts.ua-ecm.com:443/artifactory/api/npm/ua-npm-master/depd/-/depd-1.1.2.tgz",
      "integrity": "sha1-m81S4UwJd2PnSbJ0xDRu0uVgtak=",
      "dev": true
    },
    "es6-promise": {
      "version": "4.2.6",
      "resolved": "https://artifacts.ua-ecm.com:443/artifactory/api/npm/ua-npm-master/es6-promise/-/es6-promise-4.2.6.tgz",
      "integrity": "sha1-toXt2CWIhjZepitX0w3ij63Nl08=",
      "dev": true
    },
    "es6-promisify": {
      "version": "5.0.0",
      "resolved": "https://artifacts.ua-ecm.com:443/artifactory/api/npm/ua-npm-master/es6-promisify/-/es6-promisify-5.0.0.tgz",
      "integrity": "sha1-UQnWLz5W6pZ8S2NQWu8IKRyKUgM=",
      "dev": true,
      "requires": {
        "es6-promise": "^4.0.3"
      }
    },
    "https-proxy-agent": {
      "version": "2.2.1",
      "resolved": "https://artifacts.ua-ecm.com:443/artifactory/api/npm/ua-npm-master/https-proxy-agent/-/https-proxy-agent-2.2.1.tgz",
      "integrity": "sha1-UVUpcPoE1yPgTFbQQXjD+SWSu8A=",
      "dev": true,
      "requires": {
        "agent-base": "^4.1.0",
        "debug": "^3.1.0"
      }
    },
    "iconv-lite": {
      "version": "0.4.24",
      "resolved": "https://artifacts.ua-ecm.com:443/artifactory/api/npm/ua-npm-master/iconv-lite/-/iconv-lite-0.4.24.tgz",
      "integrity": "sha1-ICK0sl+93CHS9SSXSkdKr+czkIs=",
      "dev": true,
      "requires": {
        "safer-buffer": ">= 2.1.2 < 3"
      }
    },
    "inherits": {
      "version": "2.0.3",
      "resolved": "https://artifacts.ua-ecm.com:443/artifactory/api/npm/ua-npm-master/inherits/-/inherits-2.0.3.tgz",
      "integrity": "sha1-Yzwsg+PaQqUC9SRmAiSA9CCCYd4=",
      "dev": true
    },
    "isarray": {
      "version": "1.0.0",
      "resolved": "https://artifacts.ua-ecm.com:443/artifactory/api/npm/ua-npm-master/isarray/-/isarray-1.0.0.tgz",
      "integrity": "sha1-u5NdSFgsuhaMBoNJV6VKPgcSTxE=",
      "dev": true
    },
    "json-stringify-safe": {
      "version": "5.0.1",
      "resolved": "https://artifacts.ua-ecm.com:443/artifactory/api/npm/ua-npm-master/json-stringify-safe/-/json-stringify-safe-5.0.1.tgz",
      "integrity": "sha1-Epai1Y/UXxmg9s4B1lcB4sc1tus=",
      "dev": true
    },
    "lodash": {
      "version": "4.17.11",
      "resolved": "https://artifacts.ua-ecm.com:443/artifactory/api/npm/ua-npm-master/lodash/-/lodash-4.17.11.tgz",
      "integrity": "sha1-s56mIp72B+zYniyN8SU2iRysm40=",
      "dev": true
    },
    "methods": {
      "version": "1.1.2",
      "resolved": "https://artifacts.ua-ecm.com:443/artifactory/api/npm/ua-npm-master/methods/-/methods-1.1.2.tgz",
      "integrity": "sha1-VSmk1nZUE07cxSZmVoNbD4Ua/O4=",
      "dev": true
    },
    "ms": {
      "version": "2.1.1",
      "resolved": "https://artifacts.ua-ecm.com:443/artifactory/api/npm/ua-npm-master/ms/-/ms-2.1.1.tgz",
      "integrity": "sha1-MKWGTrPrsKZvLr5tcnrwagnYbgo=",
      "dev": true
    },
    "nan": {
      "version": "2.13.2",
      "resolved": "https://artifacts.ua-ecm.com:443/artifactory/api/npm/ua-npm-master/nan/-/nan-2.13.2.tgz",
      "integrity": "sha1-9R3Hrma6fV1V4ebU2AkugCya7+c=",
      "dev": true,
      "optional": true
    },
    "native-duplexpair": {
      "version": "1.0.0",
      "resolved": "https://artifacts.ua-ecm.com:443/artifactory/api/npm/ua-npm-master/native-duplexpair/-/native-duplexpair-1.0.0.tgz",
      "integrity": "sha1-eJkHjmS/PIo9cyYBs9QP8F21j6A=",
      "dev": true
    },
    "newrelic": {
      "version": "4.13.1",
      "resolved": "https://artifacts.ua-ecm.com:443/artifactory/api/npm/ua-npm-master/newrelic/-/newrelic-4.13.1.tgz",
      "integrity": "sha1-8+h4r7y4gU9l34iuRpmWwTyyLPM=",
      "dev": true,
      "requires": {
        "@newrelic/koa": "^1.0.0",
        "@newrelic/native-metrics": "^3.0.0",
        "@newrelic/superagent": "^1.0.0",
        "@tyriar/fibonacci-heap": "^2.0.7",
        "async": "^2.1.4",
        "concat-stream": "^1.5.0",
        "https-proxy-agent": "^2.2.1",
        "json-stringify-safe": "^5.0.0",
        "readable-stream": "^2.1.4",
        "semver": "^5.3.0"
      }
    },
    "process-nextick-args": {
      "version": "2.0.0",
      "resolved": "https://artifacts.ua-ecm.com:443/artifactory/api/npm/ua-npm-master/process-nextick-args/-/process-nextick-args-2.0.0.tgz",
      "integrity": "sha1-o31zL0JxtKsa0HDTVQjoKQeI/6o=",
      "dev": true
    },
    "punycode": {
      "version": "2.1.1",
      "resolved": "https://artifacts.ua-ecm.com:443/artifactory/api/npm/ua-npm-master/punycode/-/punycode-2.1.1.tgz",
      "integrity": "sha1-tYsBCsQMIsVldhbI0sLALHv0eew=",
      "dev": true
    },
    "readable-stream": {
      "version": "2.3.6",
      "resolved": "https://artifacts.ua-ecm.com:443/artifactory/api/npm/ua-npm-master/readable-stream/-/readable-stream-2.3.6.tgz",
      "integrity": "sha1-sRwn2IuP8fvgcGQ8+UsMea4bCq8=",
      "dev": true,
      "requires": {
        "core-util-is": "~1.0.0",
        "inherits": "~2.0.3",
        "isarray": "~1.0.0",
        "process-nextick-args": "~2.0.0",
        "safe-buffer": "~5.1.1",
        "string_decoder": "~1.1.1",
        "util-deprecate": "~1.0.1"
      }
    },
    "regenerator-runtime": {
      "version": "0.11.1",
      "resolved": "https://artifacts.ua-ecm.com:443/artifactory/api/npm/ua-npm-master/regenerator-runtime/-/regenerator-runtime-0.11.1.tgz",
      "integrity": "sha1-vgWtf5v30i4Fb5cmzuUBf78Z4uk=",
      "dev": true
    },
    "safe-buffer": {
      "version": "5.1.2",
      "resolved": "https://artifacts.ua-ecm.com:443/artifactory/api/npm/ua-npm-master/safe-buffer/-/safe-buffer-5.1.2.tgz",
      "integrity": "sha1-mR7GnSluAxN0fVm9/St0XDX4go0=",
      "dev": true
    },
    "safer-buffer": {
      "version": "2.1.2",
      "resolved": "https://artifacts.ua-ecm.com:443/artifactory/api/npm/ua-npm-master/safer-buffer/-/safer-buffer-2.1.2.tgz",
      "integrity": "sha1-RPoWGwGHuVSd2Eu5GAL5vYOFzWo=",
      "dev": true
    },
    "semver": {
      "version": "5.7.0",
      "resolved": "https://artifacts.ua-ecm.com:443/artifactory/api/npm/ua-npm-master/semver/-/semver-5.7.0.tgz",
      "integrity": "sha1-eQp89v6lRZuslhELKbYEEtyP+Ws=",
      "dev": true
    },
    "sprintf-js": {
      "version": "1.1.2",
      "resolved": "https://artifacts.ua-ecm.com:443/artifactory/api/npm/ua-npm-master/sprintf-js/-/sprintf-js-1.1.2.tgz",
      "integrity": "sha1-2hdlJiv4wPVxdJ8q1sJjACB65nM=",
      "dev": true
    },
    "string_decoder": {
      "version": "1.1.1",
      "resolved": "https://artifacts.ua-ecm.com:443/artifactory/api/npm/ua-npm-master/string_decoder/-/string_decoder-1.1.1.tgz",
      "integrity": "sha1-nPFhG6YmhdcDCunkujQUnDrwP8g=",
      "dev": true,
      "requires": {
        "safe-buffer": "~5.1.0"
      }
    },
    "tedious": {
      "version": "2.7.1",
      "resolved": "https://artifacts.ua-ecm.com:443/artifactory/api/npm/ua-npm-master/tedious/-/tedious-2.7.1.tgz",
      "integrity": "sha1-Uwjt690zdnymezb8cbKrnFRnUng=",
      "dev": true,
      "requires": {
        "babel-runtime": "^6.26.0",
        "big-number": "0.3.1",
        "bl": "^1.2.2",
        "depd": "^1.1.2",
        "iconv-lite": "^0.4.23",
        "native-duplexpair": "^1.0.0",
        "punycode": "^2.1.0",
        "readable-stream": "^2.3.6",
        "sprintf-js": "^1.1.1"
      }
    },
    "typedarray": {
      "version": "0.0.6",
      "resolved": "https://artifacts.ua-ecm.com:443/artifactory/api/npm/ua-npm-master/typedarray/-/typedarray-0.0.6.tgz",
      "integrity": "sha1-hnrHTjhkGHsdPUfZlqeOxciDB3c=",
      "dev": true
    },
    "util-deprecate": {
      "version": "1.0.2",
      "resolved": "https://artifacts.ua-ecm.com:443/artifactory/api/npm/ua-npm-master/util-deprecate/-/util-deprecate-1.0.2.tgz",
      "integrity": "sha1-RQ1Nyfpw3nMnYvvS1KKJgUGaDM8=",
      "dev": true
    }
  }
}
